{
  "version": 4,
  "terraform_version": "1.6.2",
  "serial": 126,
  "lineage": "9974c35a-887b-c5ff-fbba-24b0d1f729f0",
  "outputs": {
    "external_ip_address_iscsi-servers": {
      "value": [
        [
          "iscsi-1"
        ],
        [
          "158.160.69.189"
        ]
      ],
      "type": [
        "tuple",
        [
          [
            "tuple",
            [
              "string"
            ]
          ],
          [
            "tuple",
            [
              "string"
            ]
          ]
        ]
      ]
    },
    "external_ip_address_pcs-server": {
      "value": [
        [
          "pcs-server-1",
          "pcs-server-2",
          "pcs-server-3"
        ],
        [
          "158.160.81.236",
          "158.160.85.151",
          "158.160.78.215"
        ]
      ],
      "type": [
        "tuple",
        [
          [
            "tuple",
            [
              "string",
              "string",
              "string"
            ]
          ],
          [
            "tuple",
            [
              "string",
              "string",
              "string"
            ]
          ]
        ]
      ]
    },
    "internal_ip_address_iscsi-servers": {
      "value": [
        [
          "iscsi-1"
        ],
        [
          "10.179.0.27"
        ]
      ],
      "type": [
        "tuple",
        [
          [
            "tuple",
            [
              "string"
            ]
          ],
          [
            "tuple",
            [
              "string"
            ]
          ]
        ]
      ]
    },
    "internal_ip_address_pcs-server": {
      "value": [
        [
          "pcs-server-1",
          "pcs-server-2",
          "pcs-server-3"
        ],
        [
          "10.160.0.16",
          "10.160.0.33",
          "10.160.0.10"
        ]
      ],
      "type": [
        "tuple",
        [
          [
            "tuple",
            [
              "string",
              "string",
              "string"
            ]
          ],
          [
            "tuple",
            [
              "string",
              "string",
              "string"
            ]
          ]
        ]
      ]
    }
  },
  "resources": [
    {
      "mode": "managed",
      "type": "local_file",
      "name": "hosts_ini",
      "provider": "provider[\"registry.terraform.io/hashicorp/local\"]",
      "instances": [
        {
          "schema_version": 0,
          "attributes": {
            "content": "[all]\n158.160.69.189\n158.160.81.236\n158.160.85.151\n158.160.78.215\n[iscsi_servers]\n158.160.69.189\n[pcs-servers]\n158.160.81.236\n158.160.85.151\n158.160.78.215\n",
            "content_base64": null,
            "content_base64sha256": "F8PfZvXfsUoZi2bYQ+MyhBnOaSeR0FyjyWH3zUsSUXs=",
            "content_base64sha512": "LfnqdGUn0hKmS7WG3Kqxz00OOJKHt+vWhwrPRqmwBNqiU/hLpCn6sRJFYcNjT7ltJX/PaAxKl5xq2r5k1aRfRA==",
            "content_md5": "61c72d4f7e1f77287a3e708259ffa7b8",
            "content_sha1": "63cbeaa6662c89327964f90c93f9f9f7c34110ac",
            "content_sha256": "17c3df66f5dfb14a198b66d843e3328419ce692791d05ca3c961f7cd4b12517b",
            "content_sha512": "2df9ea746527d212a64bb586dcaab1cf4d0e389287b7ebd6870acf46a9b004daa253f84ba429fab1124561c3634fb96d257fcf680c4a979c6adabe64d5a45f44",
            "directory_permission": "0777",
            "file_permission": "0777",
            "filename": "./ansible-provision/hosts.ini",
            "id": "63cbeaa6662c89327964f90c93f9f9f7c34110ac",
            "sensitive_content": null,
            "source": null
          },
          "sensitive_attributes": [],
          "dependencies": [
            "yandex_compute_disk.iscsi-secondary-data-disk",
            "yandex_compute_instance.iscsi-servers",
            "yandex_compute_instance.pcs-server",
            "yandex_vpc_network.ru-central1-b-servers-network-1",
            "yandex_vpc_subnet.iscsi-servers-subnet-1",
            "yandex_vpc_subnet.iscsi-servers-subnet-2",
            "yandex_vpc_subnet.iscsi-servers-subnet-3",
            "yandex_vpc_subnet.pcs-server-subnet-1",
            "yandex_vpc_subnet.pcs-server-subnet-2"
          ]
        }
      ]
    },
    {
      "mode": "managed",
      "type": "null_resource",
      "name": "ansible-install-pcs-server",
      "provider": "provider[\"registry.terraform.io/hashicorp/null\"]",
      "instances": [
        {
          "schema_version": 0,
          "attributes": {
            "id": "6639397892330846334",
            "triggers": {
              "always_run": "2024-03-19T09:42:06Z"
            }
          },
          "sensitive_attributes": [],
          "dependencies": [
            "yandex_compute_disk.iscsi-secondary-data-disk",
            "yandex_compute_instance.iscsi-servers",
            "yandex_compute_instance.pcs-server",
            "yandex_vpc_network.ru-central1-b-servers-network-1",
            "yandex_vpc_subnet.iscsi-servers-subnet-1",
            "yandex_vpc_subnet.iscsi-servers-subnet-2",
            "yandex_vpc_subnet.iscsi-servers-subnet-3",
            "yandex_vpc_subnet.pcs-server-subnet-1",
            "yandex_vpc_subnet.pcs-server-subnet-2"
          ]
        }
      ]
    },
    {
      "mode": "managed",
      "type": "yandex_compute_disk",
      "name": "iscsi-secondary-data-disk",
      "provider": "provider[\"registry.terraform.io/yandex-cloud/yandex\"]",
      "instances": [
        {
          "schema_version": 0,
          "attributes": {
            "allow_recreate": null,
            "block_size": 4096,
            "created_at": "2024-03-19T09:39:57Z",
            "description": "",
            "disk_placement_policy": [
              {
                "disk_placement_group_id": ""
              }
            ],
            "folder_id": "b1g0khs670dnper1liqf",
            "id": "epdur3j74257j892e4m7",
            "image_id": "",
            "labels": null,
            "name": "iscsi-secondary-data-disk-01",
            "product_ids": [],
            "size": 1,
            "snapshot_id": "",
            "status": "ready",
            "timeouts": null,
            "type": "network-hdd",
            "zone": "ru-central1-b"
          },
          "sensitive_attributes": [],
          "private": "eyJlMmJmYjczMC1lY2FhLTExZTYtOGY4OC0zNDM2M2JjN2M0YzAiOnsiY3JlYXRlIjozMDAwMDAwMDAwMDAsImRlbGV0ZSI6MzAwMDAwMDAwMDAwLCJ1cGRhdGUiOjMwMDAwMDAwMDAwMH19"
        }
      ]
    },
    {
      "mode": "managed",
      "type": "yandex_compute_instance",
      "name": "iscsi-servers",
      "provider": "provider[\"registry.terraform.io/yandex-cloud/yandex\"]",
      "instances": [
        {
          "index_key": 0,
          "schema_version": 1,
          "attributes": {
            "allow_recreate": null,
            "allow_stopping_for_update": true,
            "boot_disk": [
              {
                "auto_delete": true,
                "device_name": "epd8qi6acq2c6f3fpa9i",
                "disk_id": "epd8qi6acq2c6f3fpa9i",
                "initialize_params": [
                  {
                    "block_size": 4096,
                    "description": "",
                    "image_id": "fd8p7vi5c5bbs2s5i67s",
                    "name": "",
                    "size": 10,
                    "snapshot_id": "",
                    "type": "network-ssd"
                  }
                ],
                "mode": "READ_WRITE"
              }
            ],
            "created_at": "2024-03-19T09:40:04Z",
            "description": "",
            "filesystem": [],
            "folder_id": "b1g0khs670dnper1liqf",
            "fqdn": "iscsi-1.ru-central1.internal",
            "gpu_cluster_id": "",
            "hostname": "iscsi-1",
            "id": "epd0gl0235p740536f7b",
            "labels": null,
            "local_disk": [],
            "maintenance_grace_period": "",
            "maintenance_policy": null,
            "metadata": {
              "user-data": "#cloud-config\nusers:\n  - name: alex\n    groups: sudo\n    shell: /bin/bash\n    sudo: 'ALL=(ALL) NOPASSWD:ALL'\n    ssh-authorized-keys:\n    - ssh-ed25519 AAAAC3NzaC1lZDI1NTE5AAAAIBZmmMrI/haQjD5sk1MJfBQKIv4/tgN9tFlJlcUMVZnD alex@alex-d\n"
            },
            "metadata_options": [
              {
                "aws_v1_http_endpoint": 1,
                "aws_v1_http_token": 2,
                "gce_http_endpoint": 1,
                "gce_http_token": 1
              }
            ],
            "name": "iscsi-1",
            "network_acceleration_type": "standard",
            "network_interface": [
              {
                "dns_record": [],
                "index": 0,
                "ip_address": "10.179.0.27",
                "ipv4": true,
                "ipv6": false,
                "ipv6_address": "",
                "ipv6_dns_record": [],
                "mac_address": "d0:0d:85:40:21:97",
                "nat": true,
                "nat_dns_record": [],
                "nat_ip_address": "158.160.69.189",
                "nat_ip_version": "IPV4",
                "security_group_ids": [],
                "subnet_id": "e2lqkbq8qpic87tfumot"
              },
              {
                "dns_record": [],
                "index": 1,
                "ip_address": "10.179.1.204",
                "ipv4": true,
                "ipv6": false,
                "ipv6_address": "",
                "ipv6_dns_record": [],
                "mac_address": "d0:1d:85:40:21:97",
                "nat": false,
                "nat_dns_record": [],
                "nat_ip_address": "",
                "nat_ip_version": "",
                "security_group_ids": [],
                "subnet_id": "e2lrpv676fdcoqj8mjoj"
              },
              {
                "dns_record": [],
                "index": 2,
                "ip_address": "10.179.2.204",
                "ipv4": true,
                "ipv6": false,
                "ipv6_address": "",
                "ipv6_dns_record": [],
                "mac_address": "d0:2d:85:40:21:97",
                "nat": false,
                "nat_dns_record": [],
                "nat_ip_address": "",
                "nat_ip_version": "",
                "security_group_ids": [],
                "subnet_id": "e2l8akos8sk3tubtpfpc"
              }
            ],
            "placement_policy": [
              {
                "host_affinity_rules": [],
                "placement_group_id": "",
                "placement_group_partition": 0
              }
            ],
            "platform_id": "standard-v1",
            "resources": [
              {
                "core_fraction": 100,
                "cores": 2,
                "gpus": 0,
                "memory": 2
              }
            ],
            "scheduling_policy": [
              {
                "preemptible": false
              }
            ],
            "secondary_disk": [
              {
                "auto_delete": false,
                "device_name": "epdur3j74257j892e4m7",
                "disk_id": "epdur3j74257j892e4m7",
                "mode": "READ_WRITE"
              }
            ],
            "service_account_id": "",
            "status": "running",
            "timeouts": null,
            "zone": "ru-central1-b"
          },
          "sensitive_attributes": [],
          "private": "eyJlMmJmYjczMC1lY2FhLTExZTYtOGY4OC0zNDM2M2JjN2M0YzAiOnsiY3JlYXRlIjozMDAwMDAwMDAwMDAsImRlbGV0ZSI6MzAwMDAwMDAwMDAwLCJ1cGRhdGUiOjMwMDAwMDAwMDAwMH0sInNjaGVtYV92ZXJzaW9uIjoiMSJ9",
          "dependencies": [
            "yandex_compute_disk.iscsi-secondary-data-disk",
            "yandex_vpc_network.ru-central1-b-servers-network-1",
            "yandex_vpc_subnet.iscsi-servers-subnet-1",
            "yandex_vpc_subnet.iscsi-servers-subnet-2",
            "yandex_vpc_subnet.iscsi-servers-subnet-3"
          ]
        }
      ]
    },
    {
      "mode": "managed",
      "type": "yandex_compute_instance",
      "name": "pcs-server",
      "provider": "provider[\"registry.terraform.io/yandex-cloud/yandex\"]",
      "instances": [
        {
          "index_key": 0,
          "schema_version": 1,
          "attributes": {
            "allow_recreate": null,
            "allow_stopping_for_update": null,
            "boot_disk": [
              {
                "auto_delete": true,
                "device_name": "epd8ftcetntsm5qd8l5u",
                "disk_id": "epd8ftcetntsm5qd8l5u",
                "initialize_params": [
                  {
                    "block_size": 4096,
                    "description": "",
                    "image_id": "fd8p7vi5c5bbs2s5i67s",
                    "name": "",
                    "size": 10,
                    "snapshot_id": "",
                    "type": "network-ssd"
                  }
                ],
                "mode": "READ_WRITE"
              }
            ],
            "created_at": "2024-03-19T09:41:14Z",
            "description": "",
            "filesystem": [],
            "folder_id": "b1g0khs670dnper1liqf",
            "fqdn": "pcs-server-1.ru-central1.internal",
            "gpu_cluster_id": "",
            "hostname": "pcs-server-1",
            "id": "epd194j2r307s2c69fo8",
            "labels": null,
            "local_disk": [],
            "maintenance_grace_period": "",
            "maintenance_policy": null,
            "metadata": {
              "user-data": "#cloud-config\nusers:\n  - name: alex\n    groups: sudo\n    shell: /bin/bash\n    sudo: 'ALL=(ALL) NOPASSWD:ALL'\n    ssh-authorized-keys:\n    - ssh-ed25519 AAAAC3NzaC1lZDI1NTE5AAAAIBZmmMrI/haQjD5sk1MJfBQKIv4/tgN9tFlJlcUMVZnD alex@alex-d\n"
            },
            "metadata_options": [
              {
                "aws_v1_http_endpoint": 1,
                "aws_v1_http_token": 2,
                "gce_http_endpoint": 1,
                "gce_http_token": 1
              }
            ],
            "name": "pcs-server1",
            "network_acceleration_type": "standard",
            "network_interface": [
              {
                "dns_record": [],
                "index": 0,
                "ip_address": "10.160.0.16",
                "ipv4": true,
                "ipv6": false,
                "ipv6_address": "",
                "ipv6_dns_record": [],
                "mac_address": "d0:0d:14:92:62:d8",
                "nat": true,
                "nat_dns_record": [],
                "nat_ip_address": "158.160.81.236",
                "nat_ip_version": "IPV4",
                "security_group_ids": [],
                "subnet_id": "e2ljh0bnd1b8rse5vsms"
              },
              {
                "dns_record": [],
                "index": 1,
                "ip_address": "10.179.1.201",
                "ipv4": true,
                "ipv6": false,
                "ipv6_address": "",
                "ipv6_dns_record": [],
                "mac_address": "d0:1d:14:92:62:d8",
                "nat": false,
                "nat_dns_record": [],
                "nat_ip_address": "",
                "nat_ip_version": "",
                "security_group_ids": [],
                "subnet_id": "e2lrpv676fdcoqj8mjoj"
              },
              {
                "dns_record": [],
                "index": 2,
                "ip_address": "10.179.2.201",
                "ipv4": true,
                "ipv6": false,
                "ipv6_address": "",
                "ipv6_dns_record": [],
                "mac_address": "d0:2d:14:92:62:d8",
                "nat": false,
                "nat_dns_record": [],
                "nat_ip_address": "",
                "nat_ip_version": "",
                "security_group_ids": [],
                "subnet_id": "e2l8akos8sk3tubtpfpc"
              },
              {
                "dns_record": [],
                "index": 3,
                "ip_address": "10.179.3.201",
                "ipv4": true,
                "ipv6": false,
                "ipv6_address": "",
                "ipv6_dns_record": [],
                "mac_address": "d0:3d:14:92:62:d8",
                "nat": false,
                "nat_dns_record": [],
                "nat_ip_address": "",
                "nat_ip_version": "",
                "security_group_ids": [],
                "subnet_id": "e2lopm0ck2fak8prip36"
              }
            ],
            "placement_policy": [
              {
                "host_affinity_rules": [],
                "placement_group_id": "",
                "placement_group_partition": 0
              }
            ],
            "platform_id": "standard-v1",
            "resources": [
              {
                "core_fraction": 100,
                "cores": 2,
                "gpus": 0,
                "memory": 2
              }
            ],
            "scheduling_policy": [
              {
                "preemptible": false
              }
            ],
            "secondary_disk": [],
            "service_account_id": "",
            "status": "running",
            "timeouts": null,
            "zone": "ru-central1-b"
          },
          "sensitive_attributes": [],
          "private": "eyJlMmJmYjczMC1lY2FhLTExZTYtOGY4OC0zNDM2M2JjN2M0YzAiOnsiY3JlYXRlIjozMDAwMDAwMDAwMDAsImRlbGV0ZSI6MzAwMDAwMDAwMDAwLCJ1cGRhdGUiOjMwMDAwMDAwMDAwMH0sInNjaGVtYV92ZXJzaW9uIjoiMSJ9",
          "dependencies": [
            "yandex_compute_disk.iscsi-secondary-data-disk",
            "yandex_compute_instance.iscsi-servers",
            "yandex_vpc_network.ru-central1-b-servers-network-1",
            "yandex_vpc_subnet.iscsi-servers-subnet-1",
            "yandex_vpc_subnet.iscsi-servers-subnet-2",
            "yandex_vpc_subnet.iscsi-servers-subnet-3",
            "yandex_vpc_subnet.pcs-server-subnet-1",
            "yandex_vpc_subnet.pcs-server-subnet-2"
          ]
        },
        {
          "index_key": 1,
          "schema_version": 1,
          "attributes": {
            "allow_recreate": null,
            "allow_stopping_for_update": null,
            "boot_disk": [
              {
                "auto_delete": true,
                "device_name": "epdg777tu5rtsnk2r0r7",
                "disk_id": "epdg777tu5rtsnk2r0r7",
                "initialize_params": [
                  {
                    "block_size": 4096,
                    "description": "",
                    "image_id": "fd8p7vi5c5bbs2s5i67s",
                    "name": "",
                    "size": 10,
                    "snapshot_id": "",
                    "type": "network-ssd"
                  }
                ],
                "mode": "READ_WRITE"
              }
            ],
            "created_at": "2024-03-19T09:41:14Z",
            "description": "",
            "filesystem": [],
            "folder_id": "b1g0khs670dnper1liqf",
            "fqdn": "pcs-server-2.ru-central1.internal",
            "gpu_cluster_id": "",
            "hostname": "pcs-server-2",
            "id": "epd100a8p9s5m3jnjo5d",
            "labels": null,
            "local_disk": [],
            "maintenance_grace_period": "",
            "maintenance_policy": null,
            "metadata": {
              "user-data": "#cloud-config\nusers:\n  - name: alex\n    groups: sudo\n    shell: /bin/bash\n    sudo: 'ALL=(ALL) NOPASSWD:ALL'\n    ssh-authorized-keys:\n    - ssh-ed25519 AAAAC3NzaC1lZDI1NTE5AAAAIBZmmMrI/haQjD5sk1MJfBQKIv4/tgN9tFlJlcUMVZnD alex@alex-d\n"
            },
            "metadata_options": [
              {
                "aws_v1_http_endpoint": 1,
                "aws_v1_http_token": 2,
                "gce_http_endpoint": 1,
                "gce_http_token": 1
              }
            ],
            "name": "pcs-server2",
            "network_acceleration_type": "standard",
            "network_interface": [
              {
                "dns_record": [],
                "index": 0,
                "ip_address": "10.160.0.33",
                "ipv4": true,
                "ipv6": false,
                "ipv6_address": "",
                "ipv6_dns_record": [],
                "mac_address": "d0:0d:10:01:48:ca",
                "nat": true,
                "nat_dns_record": [],
                "nat_ip_address": "158.160.85.151",
                "nat_ip_version": "IPV4",
                "security_group_ids": [],
                "subnet_id": "e2ljh0bnd1b8rse5vsms"
              },
              {
                "dns_record": [],
                "index": 1,
                "ip_address": "10.179.1.202",
                "ipv4": true,
                "ipv6": false,
                "ipv6_address": "",
                "ipv6_dns_record": [],
                "mac_address": "d0:1d:10:01:48:ca",
                "nat": false,
                "nat_dns_record": [],
                "nat_ip_address": "",
                "nat_ip_version": "",
                "security_group_ids": [],
                "subnet_id": "e2lrpv676fdcoqj8mjoj"
              },
              {
                "dns_record": [],
                "index": 2,
                "ip_address": "10.179.2.202",
                "ipv4": true,
                "ipv6": false,
                "ipv6_address": "",
                "ipv6_dns_record": [],
                "mac_address": "d0:2d:10:01:48:ca",
                "nat": false,
                "nat_dns_record": [],
                "nat_ip_address": "",
                "nat_ip_version": "",
                "security_group_ids": [],
                "subnet_id": "e2l8akos8sk3tubtpfpc"
              },
              {
                "dns_record": [],
                "index": 3,
                "ip_address": "10.179.3.202",
                "ipv4": true,
                "ipv6": false,
                "ipv6_address": "",
                "ipv6_dns_record": [],
                "mac_address": "d0:3d:10:01:48:ca",
                "nat": false,
                "nat_dns_record": [],
                "nat_ip_address": "",
                "nat_ip_version": "",
                "security_group_ids": [],
                "subnet_id": "e2lopm0ck2fak8prip36"
              }
            ],
            "placement_policy": [
              {
                "host_affinity_rules": [],
                "placement_group_id": "",
                "placement_group_partition": 0
              }
            ],
            "platform_id": "standard-v1",
            "resources": [
              {
                "core_fraction": 100,
                "cores": 2,
                "gpus": 0,
                "memory": 2
              }
            ],
            "scheduling_policy": [
              {
                "preemptible": false
              }
            ],
            "secondary_disk": [],
            "service_account_id": "",
            "status": "running",
            "timeouts": null,
            "zone": "ru-central1-b"
          },
          "sensitive_attributes": [],
          "private": "eyJlMmJmYjczMC1lY2FhLTExZTYtOGY4OC0zNDM2M2JjN2M0YzAiOnsiY3JlYXRlIjozMDAwMDAwMDAwMDAsImRlbGV0ZSI6MzAwMDAwMDAwMDAwLCJ1cGRhdGUiOjMwMDAwMDAwMDAwMH0sInNjaGVtYV92ZXJzaW9uIjoiMSJ9",
          "dependencies": [
            "yandex_compute_disk.iscsi-secondary-data-disk",
            "yandex_compute_instance.iscsi-servers",
            "yandex_vpc_network.ru-central1-b-servers-network-1",
            "yandex_vpc_subnet.iscsi-servers-subnet-1",
            "yandex_vpc_subnet.iscsi-servers-subnet-2",
            "yandex_vpc_subnet.iscsi-servers-subnet-3",
            "yandex_vpc_subnet.pcs-server-subnet-1",
            "yandex_vpc_subnet.pcs-server-subnet-2"
          ]
        },
        {
          "index_key": 2,
          "schema_version": 1,
          "attributes": {
            "allow_recreate": null,
            "allow_stopping_for_update": null,
            "boot_disk": [
              {
                "auto_delete": true,
                "device_name": "epdqbnlvlpnqov08mtu3",
                "disk_id": "epdqbnlvlpnqov08mtu3",
                "initialize_params": [
                  {
                    "block_size": 4096,
                    "description": "",
                    "image_id": "fd8p7vi5c5bbs2s5i67s",
                    "name": "",
                    "size": 10,
                    "snapshot_id": "",
                    "type": "network-ssd"
                  }
                ],
                "mode": "READ_WRITE"
              }
            ],
            "created_at": "2024-03-19T09:41:14Z",
            "description": "",
            "filesystem": [],
            "folder_id": "b1g0khs670dnper1liqf",
            "fqdn": "pcs-server-3.ru-central1.internal",
            "gpu_cluster_id": "",
            "hostname": "pcs-server-3",
            "id": "epd23g2ouqgrjv320smh",
            "labels": null,
            "local_disk": [],
            "maintenance_grace_period": "",
            "maintenance_policy": null,
            "metadata": {
              "user-data": "#cloud-config\nusers:\n  - name: alex\n    groups: sudo\n    shell: /bin/bash\n    sudo: 'ALL=(ALL) NOPASSWD:ALL'\n    ssh-authorized-keys:\n    - ssh-ed25519 AAAAC3NzaC1lZDI1NTE5AAAAIBZmmMrI/haQjD5sk1MJfBQKIv4/tgN9tFlJlcUMVZnD alex@alex-d\n"
            },
            "metadata_options": [
              {
                "aws_v1_http_endpoint": 1,
                "aws_v1_http_token": 2,
                "gce_http_endpoint": 1,
                "gce_http_token": 1
              }
            ],
            "name": "pcs-server3",
            "network_acceleration_type": "standard",
            "network_interface": [
              {
                "dns_record": [],
                "index": 0,
                "ip_address": "10.160.0.10",
                "ipv4": true,
                "ipv6": false,
                "ipv6_address": "",
                "ipv6_dns_record": [],
                "mac_address": "d0:0d:21:c0:58:f6",
                "nat": true,
                "nat_dns_record": [],
                "nat_ip_address": "158.160.78.215",
                "nat_ip_version": "IPV4",
                "security_group_ids": [],
                "subnet_id": "e2ljh0bnd1b8rse5vsms"
              },
              {
                "dns_record": [],
                "index": 1,
                "ip_address": "10.179.1.203",
                "ipv4": true,
                "ipv6": false,
                "ipv6_address": "",
                "ipv6_dns_record": [],
                "mac_address": "d0:1d:21:c0:58:f6",
                "nat": false,
                "nat_dns_record": [],
                "nat_ip_address": "",
                "nat_ip_version": "",
                "security_group_ids": [],
                "subnet_id": "e2lrpv676fdcoqj8mjoj"
              },
              {
                "dns_record": [],
                "index": 2,
                "ip_address": "10.179.2.203",
                "ipv4": true,
                "ipv6": false,
                "ipv6_address": "",
                "ipv6_dns_record": [],
                "mac_address": "d0:2d:21:c0:58:f6",
                "nat": false,
                "nat_dns_record": [],
                "nat_ip_address": "",
                "nat_ip_version": "",
                "security_group_ids": [],
                "subnet_id": "e2l8akos8sk3tubtpfpc"
              },
              {
                "dns_record": [],
                "index": 3,
                "ip_address": "10.179.3.203",
                "ipv4": true,
                "ipv6": false,
                "ipv6_address": "",
                "ipv6_dns_record": [],
                "mac_address": "d0:3d:21:c0:58:f6",
                "nat": false,
                "nat_dns_record": [],
                "nat_ip_address": "",
                "nat_ip_version": "",
                "security_group_ids": [],
                "subnet_id": "e2lopm0ck2fak8prip36"
              }
            ],
            "placement_policy": [
              {
                "host_affinity_rules": [],
                "placement_group_id": "",
                "placement_group_partition": 0
              }
            ],
            "platform_id": "standard-v1",
            "resources": [
              {
                "core_fraction": 100,
                "cores": 2,
                "gpus": 0,
                "memory": 2
              }
            ],
            "scheduling_policy": [
              {
                "preemptible": false
              }
            ],
            "secondary_disk": [],
            "service_account_id": "",
            "status": "running",
            "timeouts": null,
            "zone": "ru-central1-b"
          },
          "sensitive_attributes": [],
          "private": "eyJlMmJmYjczMC1lY2FhLTExZTYtOGY4OC0zNDM2M2JjN2M0YzAiOnsiY3JlYXRlIjozMDAwMDAwMDAwMDAsImRlbGV0ZSI6MzAwMDAwMDAwMDAwLCJ1cGRhdGUiOjMwMDAwMDAwMDAwMH0sInNjaGVtYV92ZXJzaW9uIjoiMSJ9",
          "dependencies": [
            "yandex_compute_disk.iscsi-secondary-data-disk",
            "yandex_compute_instance.iscsi-servers",
            "yandex_vpc_network.ru-central1-b-servers-network-1",
            "yandex_vpc_subnet.iscsi-servers-subnet-1",
            "yandex_vpc_subnet.iscsi-servers-subnet-2",
            "yandex_vpc_subnet.iscsi-servers-subnet-3",
            "yandex_vpc_subnet.pcs-server-subnet-1",
            "yandex_vpc_subnet.pcs-server-subnet-2"
          ]
        }
      ]
    },
    {
      "mode": "managed",
      "type": "yandex_vpc_network",
      "name": "ru-central1-b-servers-network-1",
      "provider": "provider[\"registry.terraform.io/yandex-cloud/yandex\"]",
      "instances": [
        {
          "schema_version": 0,
          "attributes": {
            "created_at": "2024-03-19T09:39:57Z",
            "default_security_group_id": "enp8b09p3sleehvqpg7m",
            "description": "",
            "folder_id": "b1g0khs670dnper1liqf",
            "id": "enpef61s8ll1oijokv6g",
            "labels": {},
            "name": "pcs-network-1",
            "subnet_ids": [],
            "timeouts": null
          },
          "sensitive_attributes": [],
          "private": "eyJlMmJmYjczMC1lY2FhLTExZTYtOGY4OC0zNDM2M2JjN2M0YzAiOnsiY3JlYXRlIjo2MDAwMDAwMDAwMCwiZGVsZXRlIjo2MDAwMDAwMDAwMCwidXBkYXRlIjo2MDAwMDAwMDAwMH19"
        }
      ]
    },
    {
      "mode": "managed",
      "type": "yandex_vpc_subnet",
      "name": "iscsi-servers-subnet-1",
      "provider": "provider[\"registry.terraform.io/yandex-cloud/yandex\"]",
      "instances": [
        {
          "schema_version": 0,
          "attributes": {
            "created_at": "2024-03-19T09:39:59Z",
            "description": "",
            "dhcp_options": [],
            "folder_id": "b1g0khs670dnper1liqf",
            "id": "e2lqkbq8qpic87tfumot",
            "labels": {},
            "name": "iscsi-servers-subnet-1",
            "network_id": "enpef61s8ll1oijokv6g",
            "route_table_id": "",
            "timeouts": null,
            "v4_cidr_blocks": [
              "10.179.0.0/24"
            ],
            "v6_cidr_blocks": [],
            "zone": "ru-central1-b"
          },
          "sensitive_attributes": [],
          "private": "eyJlMmJmYjczMC1lY2FhLTExZTYtOGY4OC0zNDM2M2JjN2M0YzAiOnsiY3JlYXRlIjoxODAwMDAwMDAwMDAsImRlbGV0ZSI6MTgwMDAwMDAwMDAwLCJ1cGRhdGUiOjE4MDAwMDAwMDAwMH19",
          "dependencies": [
            "yandex_vpc_network.ru-central1-b-servers-network-1"
          ]
        }
      ]
    },
    {
      "mode": "managed",
      "type": "yandex_vpc_subnet",
      "name": "iscsi-servers-subnet-2",
      "provider": "provider[\"registry.terraform.io/yandex-cloud/yandex\"]",
      "instances": [
        {
          "schema_version": 0,
          "attributes": {
            "created_at": "2024-03-19T09:40:00Z",
            "description": "",
            "dhcp_options": [],
            "folder_id": "b1g0khs670dnper1liqf",
            "id": "e2lrpv676fdcoqj8mjoj",
            "labels": {},
            "name": "iscsi-servers-subnet-2",
            "network_id": "enpef61s8ll1oijokv6g",
            "route_table_id": "",
            "timeouts": null,
            "v4_cidr_blocks": [
              "10.179.1.0/24"
            ],
            "v6_cidr_blocks": [],
            "zone": "ru-central1-b"
          },
          "sensitive_attributes": [],
          "private": "eyJlMmJmYjczMC1lY2FhLTExZTYtOGY4OC0zNDM2M2JjN2M0YzAiOnsiY3JlYXRlIjoxODAwMDAwMDAwMDAsImRlbGV0ZSI6MTgwMDAwMDAwMDAwLCJ1cGRhdGUiOjE4MDAwMDAwMDAwMH19",
          "dependencies": [
            "yandex_vpc_network.ru-central1-b-servers-network-1"
          ]
        }
      ]
    },
    {
      "mode": "managed",
      "type": "yandex_vpc_subnet",
      "name": "iscsi-servers-subnet-3",
      "provider": "provider[\"registry.terraform.io/yandex-cloud/yandex\"]",
      "instances": [
        {
          "schema_version": 0,
          "attributes": {
            "created_at": "2024-03-19T09:40:01Z",
            "description": "",
            "dhcp_options": [],
            "folder_id": "b1g0khs670dnper1liqf",
            "id": "e2l8akos8sk3tubtpfpc",
            "labels": {},
            "name": "iscsi-servers-subnet-3",
            "network_id": "enpef61s8ll1oijokv6g",
            "route_table_id": "",
            "timeouts": null,
            "v4_cidr_blocks": [
              "10.179.2.0/24"
            ],
            "v6_cidr_blocks": [],
            "zone": "ru-central1-b"
          },
          "sensitive_attributes": [],
          "private": "eyJlMmJmYjczMC1lY2FhLTExZTYtOGY4OC0zNDM2M2JjN2M0YzAiOnsiY3JlYXRlIjoxODAwMDAwMDAwMDAsImRlbGV0ZSI6MTgwMDAwMDAwMDAwLCJ1cGRhdGUiOjE4MDAwMDAwMDAwMH19",
          "dependencies": [
            "yandex_vpc_network.ru-central1-b-servers-network-1"
          ]
        }
      ]
    },
    {
      "mode": "managed",
      "type": "yandex_vpc_subnet",
      "name": "pcs-server-subnet-1",
      "provider": "provider[\"registry.terraform.io/yandex-cloud/yandex\"]",
      "instances": [
        {
          "schema_version": 0,
          "attributes": {
            "created_at": "2024-03-19T09:40:00Z",
            "description": "",
            "dhcp_options": [],
            "folder_id": "b1g0khs670dnper1liqf",
            "id": "e2ljh0bnd1b8rse5vsms",
            "labels": {},
            "name": "pcs-server-subnet-1",
            "network_id": "enpef61s8ll1oijokv6g",
            "route_table_id": "",
            "timeouts": null,
            "v4_cidr_blocks": [
              "10.160.0.0/24"
            ],
            "v6_cidr_blocks": [],
            "zone": "ru-central1-b"
          },
          "sensitive_attributes": [],
          "private": "eyJlMmJmYjczMC1lY2FhLTExZTYtOGY4OC0zNDM2M2JjN2M0YzAiOnsiY3JlYXRlIjoxODAwMDAwMDAwMDAsImRlbGV0ZSI6MTgwMDAwMDAwMDAwLCJ1cGRhdGUiOjE4MDAwMDAwMDAwMH19",
          "dependencies": [
            "yandex_vpc_network.ru-central1-b-servers-network-1"
          ]
        }
      ]
    },
    {
      "mode": "managed",
      "type": "yandex_vpc_subnet",
      "name": "pcs-server-subnet-2",
      "provider": "provider[\"registry.terraform.io/yandex-cloud/yandex\"]",
      "instances": [
        {
          "schema_version": 0,
          "attributes": {
            "created_at": "2024-03-19T09:40:02Z",
            "description": "",
            "dhcp_options": [],
            "folder_id": "b1g0khs670dnper1liqf",
            "id": "e2lopm0ck2fak8prip36",
            "labels": {},
            "name": "pcs-server-subnet-2",
            "network_id": "enpef61s8ll1oijokv6g",
            "route_table_id": "",
            "timeouts": null,
            "v4_cidr_blocks": [
              "10.179.3.0/24"
            ],
            "v6_cidr_blocks": [],
            "zone": "ru-central1-b"
          },
          "sensitive_attributes": [],
          "private": "eyJlMmJmYjczMC1lY2FhLTExZTYtOGY4OC0zNDM2M2JjN2M0YzAiOnsiY3JlYXRlIjoxODAwMDAwMDAwMDAsImRlbGV0ZSI6MTgwMDAwMDAwMDAwLCJ1cGRhdGUiOjE4MDAwMDAwMDAwMH19",
          "dependencies": [
            "yandex_vpc_network.ru-central1-b-servers-network-1"
          ]
        }
      ]
    }
  ],
  "check_results": null
}
